
Microsoft Visual Studio Solution File, Format Version 12.00
# Visual Studio 15
VisualStudioVersion = 15.0.27428.2037
MinimumVisualStudioVersion = 10.0.40219.1
Project("{FAE04EC0-301F-11D3-BF4B-00C04F79EFBC}") = "CarRacing", "CarRacing\CarRacing.csproj", "{30A6778F-2151-48C7-B84B-07E4D82F98A8}"
EndProject
Global
	GlobalSection(SolutionConfigurationPlatforms) = preSolution
		Debug|Any CPU = Debug|Any CPU
		Release|Any CPU = Release|Any CPU
	EndGlobalSection
	GlobalSection(ProjectConfigurationPlatforms) = postSolution
		{30A6778F-2151-48C7-B84B-07E4D82F98A8}.Debug|Any CPU.ActiveCfg = Debug|Any CPU
		{30A6778F-2151-48C7-B84B-07E4D82F98A8}.Debug|Any CPU.Build.0 = Debug|Any CPU
		{30A6778F-2151-48C7-B84B-07E4D82F98A8}.Release|Any CPU.ActiveCfg = Release|Any CPU
		{30A6778F-2151-48C7-B84B-07E4D82F98A8}.Release|Any CPU.Build.0 = Release|Any CPU
	EndGlobalSection
	GlobalSection(SolutionProperties) = preSolution
		HideSolutionNode = FALSE
	EndGlobalSection
	GlobalSection(ExtensibilityGlobals) = postSolution
		SolutionGuid = {457BCE1F-7D91-4DC9-87F6-4E5F6C31705E}
	EndGlobalSection
EndGlobal
